
Microsoft Visual Studio Solution File, Format Version 12.00
# Visual Studio 2013
VisualStudioVersion = 12.0.40629.0
MinimumVisualStudioVersion = 10.0.40219.1
Project("{FAE04EC0-301F-11D3-BF4B-00C04F79EFBC}") = "AngularCrud", "AngularCrud\AngularCrud.csproj", "{4CC205A6-B614-4E19-A7D2-00407F5A96D9}"
EndProject
Project("{FAE04EC0-301F-11D3-BF4B-00C04F79EFBC}") = "AngularCrudDataAccess", "AngularDataAccess\AngularCrudDataAccess.csproj", "{EFC5161C-CC99-44DE-9E7A-6D5C23005E4D}"
EndProject
Project("{FAE04EC0-301F-11D3-BF4B-00C04F79EFBC}") = "AngularCrudLibrary", "AngularModel\AngularCrudLibrary.csproj", "{13863E2A-0DDC-4709-BCD5-8691AA7F185D}"
EndProject
Global
	GlobalSection(SolutionConfigurationPlatforms) = preSolution
		Debug|Any CPU = Debug|Any CPU
		Release|Any CPU = Release|Any CPU
	EndGlobalSection
	GlobalSection(ProjectConfigurationPlatforms) = postSolution
		{4CC205A6-B614-4E19-A7D2-00407F5A96D9}.Debug|Any CPU.ActiveCfg = Debug|Any CPU
		{4CC205A6-B614-4E19-A7D2-00407F5A96D9}.Debug|Any CPU.Build.0 = Debug|Any CPU
		{4CC205A6-B614-4E19-A7D2-00407F5A96D9}.Release|Any CPU.ActiveCfg = Release|Any CPU
		{4CC205A6-B614-4E19-A7D2-00407F5A96D9}.Release|Any CPU.Build.0 = Release|Any CPU
		{EFC5161C-CC99-44DE-9E7A-6D5C23005E4D}.Debug|Any CPU.ActiveCfg = Debug|Any CPU
		{EFC5161C-CC99-44DE-9E7A-6D5C23005E4D}.Debug|Any CPU.Build.0 = Debug|Any CPU
		{EFC5161C-CC99-44DE-9E7A-6D5C23005E4D}.Release|Any CPU.ActiveCfg = Release|Any CPU
		{EFC5161C-CC99-44DE-9E7A-6D5C23005E4D}.Release|Any CPU.Build.0 = Release|Any CPU
		{13863E2A-0DDC-4709-BCD5-8691AA7F185D}.Debug|Any CPU.ActiveCfg = Debug|Any CPU
		{13863E2A-0DDC-4709-BCD5-8691AA7F185D}.Debug|Any CPU.Build.0 = Debug|Any CPU
		{13863E2A-0DDC-4709-BCD5-8691AA7F185D}.Release|Any CPU.ActiveCfg = Release|Any CPU
		{13863E2A-0DDC-4709-BCD5-8691AA7F185D}.Release|Any CPU.Build.0 = Release|Any CPU
	EndGlobalSection
	GlobalSection(SolutionProperties) = preSolution
		HideSolutionNode = FALSE
	EndGlobalSection
EndGlobal
